
Microsoft Visual Studio Solution File, Format Version 12.00
# Visual Studio Version 16
VisualStudioVersion = 16.0.30907.101
MinimumVisualStudioVersion = 10.0.40219.1
Project("{FAE04EC0-301F-11D3-BF4B-00C04F79EFBC}") = "UnitTestingProject", "MyClass\UnitTestingProject.csproj", "{977078C0-A6D8-45B3-898D-9BEF4369B008}"
EndProject
Project("{FAE04EC0-301F-11D3-BF4B-00C04F79EFBC}") = "UnitTestingProjectTest", "MyClassTest\UnitTestingProjectTest.csproj", "{24DEA3AC-6C74-4865-AEF2-E3CDC59B316F}"
EndProject
Global
	GlobalSection(SolutionConfigurationPlatforms) = preSolution
		Debug|Any CPU = Debug|Any CPU
		Release|Any CPU = Release|Any CPU
	EndGlobalSection
	GlobalSection(ProjectConfigurationPlatforms) = postSolution
		{977078C0-A6D8-45B3-898D-9BEF4369B008}.Debug|Any CPU.ActiveCfg = Debug|Any CPU
		{977078C0-A6D8-45B3-898D-9BEF4369B008}.Debug|Any CPU.Build.0 = Debug|Any CPU
		{977078C0-A6D8-45B3-898D-9BEF4369B008}.Release|Any CPU.ActiveCfg = Release|Any CPU
		{977078C0-A6D8-45B3-898D-9BEF4369B008}.Release|Any CPU.Build.0 = Release|Any CPU
		{24DEA3AC-6C74-4865-AEF2-E3CDC59B316F}.Debug|Any CPU.ActiveCfg = Debug|Any CPU
		{24DEA3AC-6C74-4865-AEF2-E3CDC59B316F}.Debug|Any CPU.Build.0 = Debug|Any CPU
		{24DEA3AC-6C74-4865-AEF2-E3CDC59B316F}.Release|Any CPU.ActiveCfg = Release|Any CPU
		{24DEA3AC-6C74-4865-AEF2-E3CDC59B316F}.Release|Any CPU.Build.0 = Release|Any CPU
	EndGlobalSection
	GlobalSection(SolutionProperties) = preSolution
		HideSolutionNode = FALSE
	EndGlobalSection
	GlobalSection(ExtensibilityGlobals) = postSolution
		SolutionGuid = {F137A65A-EF97-4564-8677-7AE14009F644}
	EndGlobalSection
EndGlobal
